// !$*UTF8*$!
{
	archiveVersion = 1;
	classes = {
	};
	objectVersion = 50;
	objects = {

/* Begin PBXBuildFile section */
		06955641256AFE8C00A6882F /* LogView.swift in Sources */ = {isa = PBXBuildFile; fileRef = 06955640256AFE8C00A6882F /* LogView.swift */; };
		1658DCB3256F057200EA873F /* DataView.swift in Sources */ = {isa = PBXBuildFile; fileRef = 1658DCB2256F057200EA873F /* DataView.swift */; };
		1658DCB7256F0A6000EA873F /* DataListItem.swift in Sources */ = {isa = PBXBuildFile; fileRef = 1658DCB6256F0A6000EA873F /* DataListItem.swift */; };
		1658DCBB256F0A7000EA873F /* DataListDetails.swift in Sources */ = {isa = PBXBuildFile; fileRef = 1658DCBA256F0A7000EA873F /* DataListDetails.swift */; };
		1658DCC7256F576C00EA873F /* ListData.swift in Sources */ = {isa = PBXBuildFile; fileRef = 1658DCC6256F576C00EA873F /* ListData.swift */; };
		16776436256879EA00DFB371 /* AppDelegate.swift in Sources */ = {isa = PBXBuildFile; fileRef = 16776435256879EA00DFB371 /* AppDelegate.swift */; };
		16776438256879EA00DFB371 /* SceneDelegate.swift in Sources */ = {isa = PBXBuildFile; fileRef = 16776437256879EA00DFB371 /* SceneDelegate.swift */; };
		1677643A256879EA00DFB371 /* ContentView.swift in Sources */ = {isa = PBXBuildFile; fileRef = 16776439256879EA00DFB371 /* ContentView.swift */; };
		1677643C256879EB00DFB371 /* Assets.xcassets in Resources */ = {isa = PBXBuildFile; fileRef = 1677643B256879EB00DFB371 /* Assets.xcassets */; };
		1677643F256879EB00DFB371 /* Preview Assets.xcassets in Resources */ = {isa = PBXBuildFile; fileRef = 1677643E256879EB00DFB371 /* Preview Assets.xcassets */; };
		16776442256879EB00DFB371 /* LaunchScreen.storyboard in Resources */ = {isa = PBXBuildFile; fileRef = 16776440256879EB00DFB371 /* LaunchScreen.storyboard */; };
		167BA31D2575DF64008A45CA /* Diagnosis.swift in Sources */ = {isa = PBXBuildFile; fileRef = 167BA31C2575DF64008A45CA /* Diagnosis.swift */; };
		167BA3492575FFC8008A45CA /* GridListItem.swift in Sources */ = {isa = PBXBuildFile; fileRef = 167BA3482575FFC8008A45CA /* GridListItem.swift */; };
		167BA352257603C1008A45CA /* ListGrid.swift in Sources */ = {isa = PBXBuildFile; fileRef = 167BA351257603C1008A45CA /* ListGrid.swift */; };
		1697D4332578428600D02EF9 /* VisualEffectBlur.swift in Sources */ = {isa = PBXBuildFile; fileRef = 1697D4322578428600D02EF9 /* VisualEffectBlur.swift */; };
		16AC1F2325787CDD007945DF /* LoadAndSave.swift in Sources */ = {isa = PBXBuildFile; fileRef = 16AC1F2225787CDD007945DF /* LoadAndSave.swift */; };
		16AC1F482579488B007945DF /* WidgetKit.framework in Frameworks */ = {isa = PBXBuildFile; fileRef = 1677649A2568A97A00DFB371 /* WidgetKit.framework */; };
		16AC1F492579488B007945DF /* SwiftUI.framework in Frameworks */ = {isa = PBXBuildFile; fileRef = 1677649C2568A97A00DFB371 /* SwiftUI.framework */; };
		16AC1F4C2579488B007945DF /* InstaCOVIDWidget.swift in Sources */ = {isa = PBXBuildFile; fileRef = 16AC1F4B2579488B007945DF /* InstaCOVIDWidget.swift */; };
		16AC1F4E2579488C007945DF /* Assets.xcassets in Resources */ = {isa = PBXBuildFile; fileRef = 16AC1F4D2579488C007945DF /* Assets.xcassets */; };
		16AC1F522579488C007945DF /* InstaCOVIDWidgetExtension.appex in Embed App Extensions */ = {isa = PBXBuildFile; fileRef = 16AC1F472579488B007945DF /* InstaCOVIDWidgetExtension.appex */; settings = {ATTRIBUTES = (RemoveHeadersOnCopy, ); }; };
		16B0C5A825760B3C0051AD4A /* EditInfoSetting.swift in Sources */ = {isa = PBXBuildFile; fileRef = 16B0C5A725760B3C0051AD4A /* EditInfoSetting.swift */; };
		16B0C5AE25760B760051AD4A /* ForgetPassword.swift in Sources */ = {isa = PBXBuildFile; fileRef = 16B0C5AB25760B760051AD4A /* ForgetPassword.swift */; };
		16B0C5AF25760B760051AD4A /* FirstTimeSetting.swift in Sources */ = {isa = PBXBuildFile; fileRef = 16B0C5AC25760B760051AD4A /* FirstTimeSetting.swift */; };
		16B0C5B025760B760051AD4A /* Settings.swift in Sources */ = {isa = PBXBuildFile; fileRef = 16B0C5AD25760B760051AD4A /* Settings.swift */; };
		16B0C5B525760BCB0051AD4A /* PhotoCaptureView.swift in Sources */ = {isa = PBXBuildFile; fileRef = 16B0C5B325760BCB0051AD4A /* PhotoCaptureView.swift */; };
		16B0C5B625760BCB0051AD4A /* ImagePicker.swift in Sources */ = {isa = PBXBuildFile; fileRef = 16B0C5B425760BCB0051AD4A /* ImagePicker.swift */; };
		16B0C5BA25760C710051AD4A /* DisplayPersonalInfo.swift in Sources */ = {isa = PBXBuildFile; fileRef = 16B0C5B925760C710051AD4A /* DisplayPersonalInfo.swift */; };
		AD3C10212578C81A0080AC30 /* DiagnosisAvailable.swift in Sources */ = {isa = PBXBuildFile; fileRef = AD3C10202578C81A0080AC30 /* DiagnosisAvailable.swift */; };
		AD3C105F2579378A0080AC30 /* DiagnosisNotAvailable.swift in Sources */ = {isa = PBXBuildFile; fileRef = AD3C105E2579378A0080AC30 /* DiagnosisNotAvailable.swift */; };
		ADB38C46256880EC0091D139 /* WorldDataStruct.swift in Sources */ = {isa = PBXBuildFile; fileRef = ADB38C45256880EC0091D139 /* WorldDataStruct.swift */; };
		ADB38C49256880EF0091D139 /* StateDataStruct.swift in Sources */ = {isa = PBXBuildFile; fileRef = ADB38C48256880EF0091D139 /* StateDataStruct.swift */; };
		ADB38C4C256880F10091D139 /* UserData.swift in Sources */ = {isa = PBXBuildFile; fileRef = ADB38C4B256880F10091D139 /* UserData.swift */; };
		ADB38C5A2568823E0091D139 /* Home.swift in Sources */ = {isa = PBXBuildFile; fileRef = ADB38C592568823E0091D139 /* Home.swift */; };
		ADB38C6D256892BC0091D139 /* NavigationStyle.swift in Sources */ = {isa = PBXBuildFile; fileRef = ADB38C6A256892BC0091D139 /* NavigationStyle.swift */; };
		ADB38C6E256892BC0091D139 /* SearchBar.swift in Sources */ = {isa = PBXBuildFile; fileRef = ADB38C6B256892BC0091D139 /* SearchBar.swift */; };
		ADB38C6F256892BC0091D139 /* UtilityFunctions.swift in Sources */ = {isa = PBXBuildFile; fileRef = ADB38C6C256892BC0091D139 /* UtilityFunctions.swift */; };
		ADB38C72256893030091D139 /* MapView.swift in Sources */ = {isa = PBXBuildFile; fileRef = ADB38C71256893030091D139 /* MapView.swift */; };
		ADB38C752568930D0091D139 /* WebView.swift in Sources */ = {isa = PBXBuildFile; fileRef = ADB38C742568930D0091D139 /* WebView.swift */; };
		ADB38C78256893E80091D139 /* WorldDBAPI.swift in Sources */ = {isa = PBXBuildFile; fileRef = ADB38C77256893E80091D139 /* WorldDBAPI.swift */; };
		ADB38C7C256893F20091D139 /* StateDBAPI.swift in Sources */ = {isa = PBXBuildFile; fileRef = ADB38C7B256893F20091D139 /* StateDBAPI.swift */; };
		C53744812578DACD00798C27 /* Monitor.swift in Sources */ = {isa = PBXBuildFile; fileRef = C53744802578DACD00798C27 /* Monitor.swift */; };
		C5D50AA62578FF8D00B661F0 /* MonitorAnnotation.swift in Sources */ = {isa = PBXBuildFile; fileRef = C5D50AA52578FF8D00B661F0 /* MonitorAnnotation.swift */; };
		C5D50AAA2579059400B661F0 /* MonitorListItem.swift in Sources */ = {isa = PBXBuildFile; fileRef = C5D50AA92579059400B661F0 /* MonitorListItem.swift */; };
		C5D50AB425790C4200B661F0 /* StateHistDataStruct.swift in Sources */ = {isa = PBXBuildFile; fileRef = C5D50AB325790C4200B661F0 /* StateHistDataStruct.swift */; };
		C5D50AB82579113400B661F0 /* StateHistDBAPI.swift in Sources */ = {isa = PBXBuildFile; fileRef = C5D50AB72579113400B661F0 /* StateHistDBAPI.swift */; };
/* End PBXBuildFile section */

/* Begin PBXContainerItemProxy section */
		16AC1F502579488C007945DF /* PBXContainerItemProxy */ = {
			isa = PBXContainerItemProxy;
			containerPortal = 1677642A256879EA00DFB371 /* Project object */;
			proxyType = 1;
			remoteGlobalIDString = 16AC1F462579488B007945DF;
			remoteInfo = InstaCOVIDWidgetExtension;
		};
/* End PBXContainerItemProxy section */

/* Begin PBXCopyFilesBuildPhase section */
		167764AA2568A97B00DFB371 /* Embed App Extensions */ = {
			isa = PBXCopyFilesBuildPhase;
			buildActionMask = 2147483647;
			dstPath = "";
			dstSubfolderSpec = 13;
			files = (
				16AC1F522579488C007945DF /* InstaCOVIDWidgetExtension.appex in Embed App Extensions */,
			);
			name = "Embed App Extensions";
			runOnlyForDeploymentPostprocessing = 0;
		};
/* End PBXCopyFilesBuildPhase section */

/* Begin PBXFileReference section */
		06955640256AFE8C00A6882F /* LogView.swift */ = {isa = PBXFileReference; lastKnownFileType = sourcecode.swift; path = LogView.swift; sourceTree = "<group>"; };
		1658DCB2256F057200EA873F /* DataView.swift */ = {isa = PBXFileReference; lastKnownFileType = sourcecode.swift; path = DataView.swift; sourceTree = "<group>"; };
		1658DCB6256F0A6000EA873F /* DataListItem.swift */ = {isa = PBXFileReference; lastKnownFileType = sourcecode.swift; path = DataListItem.swift; sourceTree = "<group>"; };
		1658DCBA256F0A7000EA873F /* DataListDetails.swift */ = {isa = PBXFileReference; lastKnownFileType = sourcecode.swift; path = DataListDetails.swift; sourceTree = "<group>"; };
		1658DCC6256F576C00EA873F /* ListData.swift */ = {isa = PBXFileReference; lastKnownFileType = sourcecode.swift; path = ListData.swift; sourceTree = "<group>"; };
		16776432256879EA00DFB371 /* InstaCOVID.app */ = {isa = PBXFileReference; explicitFileType = wrapper.application; includeInIndex = 0; path = InstaCOVID.app; sourceTree = BUILT_PRODUCTS_DIR; };
		16776435256879EA00DFB371 /* AppDelegate.swift */ = {isa = PBXFileReference; lastKnownFileType = sourcecode.swift; path = AppDelegate.swift; sourceTree = "<group>"; };
		16776437256879EA00DFB371 /* SceneDelegate.swift */ = {isa = PBXFileReference; lastKnownFileType = sourcecode.swift; path = SceneDelegate.swift; sourceTree = "<group>"; };
		16776439256879EA00DFB371 /* ContentView.swift */ = {isa = PBXFileReference; lastKnownFileType = sourcecode.swift; path = ContentView.swift; sourceTree = "<group>"; };
		1677643B256879EB00DFB371 /* Assets.xcassets */ = {isa = PBXFileReference; lastKnownFileType = folder.assetcatalog; path = Assets.xcassets; sourceTree = "<group>"; };
		1677643E256879EB00DFB371 /* Preview Assets.xcassets */ = {isa = PBXFileReference; lastKnownFileType = folder.assetcatalog; path = "Preview Assets.xcassets"; sourceTree = "<group>"; };
		16776441256879EB00DFB371 /* Base */ = {isa = PBXFileReference; lastKnownFileType = file.storyboard; name = Base; path = Base.lproj/LaunchScreen.storyboard; sourceTree = "<group>"; };
		16776443256879EB00DFB371 /* Info.plist */ = {isa = PBXFileReference; lastKnownFileType = text.plist.xml; path = Info.plist; sourceTree = "<group>"; };
		1677649A2568A97A00DFB371 /* WidgetKit.framework */ = {isa = PBXFileReference; lastKnownFileType = wrapper.framework; name = WidgetKit.framework; path = System/Library/Frameworks/WidgetKit.framework; sourceTree = SDKROOT; };
		1677649C2568A97A00DFB371 /* SwiftUI.framework */ = {isa = PBXFileReference; lastKnownFileType = wrapper.framework; name = SwiftUI.framework; path = System/Library/Frameworks/SwiftUI.framework; sourceTree = SDKROOT; };
		167BA31C2575DF64008A45CA /* Diagnosis.swift */ = {isa = PBXFileReference; lastKnownFileType = sourcecode.swift; path = Diagnosis.swift; sourceTree = "<group>"; };
		167BA3482575FFC8008A45CA /* GridListItem.swift */ = {isa = PBXFileReference; lastKnownFileType = sourcecode.swift; path = GridListItem.swift; sourceTree = "<group>"; };
		167BA351257603C1008A45CA /* ListGrid.swift */ = {isa = PBXFileReference; lastKnownFileType = sourcecode.swift; path = ListGrid.swift; sourceTree = "<group>"; };
		1697D4322578428600D02EF9 /* VisualEffectBlur.swift */ = {isa = PBXFileReference; lastKnownFileType = sourcecode.swift; path = VisualEffectBlur.swift; sourceTree = "<group>"; };
		16AC1F2225787CDD007945DF /* LoadAndSave.swift */ = {isa = PBXFileReference; lastKnownFileType = sourcecode.swift; path = LoadAndSave.swift; sourceTree = "<group>"; };
		16AC1F472579488B007945DF /* InstaCOVIDWidgetExtension.appex */ = {isa = PBXFileReference; explicitFileType = "wrapper.app-extension"; includeInIndex = 0; path = InstaCOVIDWidgetExtension.appex; sourceTree = BUILT_PRODUCTS_DIR; };
		16AC1F4B2579488B007945DF /* InstaCOVIDWidget.swift */ = {isa = PBXFileReference; lastKnownFileType = sourcecode.swift; path = InstaCOVIDWidget.swift; sourceTree = "<group>"; };
		16AC1F4D2579488C007945DF /* Assets.xcassets */ = {isa = PBXFileReference; lastKnownFileType = folder.assetcatalog; path = Assets.xcassets; sourceTree = "<group>"; };
		16AC1F4F2579488C007945DF /* Info.plist */ = {isa = PBXFileReference; lastKnownFileType = text.plist.xml; path = Info.plist; sourceTree = "<group>"; };
		16B0C5A725760B3C0051AD4A /* EditInfoSetting.swift */ = {isa = PBXFileReference; fileEncoding = 4; lastKnownFileType = sourcecode.swift; path = EditInfoSetting.swift; sourceTree = "<group>"; };
		16B0C5AB25760B760051AD4A /* ForgetPassword.swift */ = {isa = PBXFileReference; fileEncoding = 4; lastKnownFileType = sourcecode.swift; path = ForgetPassword.swift; sourceTree = "<group>"; };
		16B0C5AC25760B760051AD4A /* FirstTimeSetting.swift */ = {isa = PBXFileReference; fileEncoding = 4; lastKnownFileType = sourcecode.swift; path = FirstTimeSetting.swift; sourceTree = "<group>"; };
		16B0C5AD25760B760051AD4A /* Settings.swift */ = {isa = PBXFileReference; fileEncoding = 4; lastKnownFileType = sourcecode.swift; path = Settings.swift; sourceTree = "<group>"; };
		16B0C5B325760BCB0051AD4A /* PhotoCaptureView.swift */ = {isa = PBXFileReference; fileEncoding = 4; lastKnownFileType = sourcecode.swift; path = PhotoCaptureView.swift; sourceTree = "<group>"; };
		16B0C5B425760BCB0051AD4A /* ImagePicker.swift */ = {isa = PBXFileReference; fileEncoding = 4; lastKnownFileType = sourcecode.swift; path = ImagePicker.swift; sourceTree = "<group>"; };
		16B0C5B925760C710051AD4A /* DisplayPersonalInfo.swift */ = {isa = PBXFileReference; fileEncoding = 4; lastKnownFileType = sourcecode.swift; path = DisplayPersonalInfo.swift; sourceTree = "<group>"; };
		AD3C10202578C81A0080AC30 /* DiagnosisAvailable.swift */ = {isa = PBXFileReference; lastKnownFileType = sourcecode.swift; path = DiagnosisAvailable.swift; sourceTree = "<group>"; };
		AD3C10412578E12D0080AC30 /* SansitaSwashed-Light.ttf */ = {isa = PBXFileReference; lastKnownFileType = file; path = "SansitaSwashed-Light.ttf"; sourceTree = "<group>"; };
		AD3C10422578E12D0080AC30 /* SansitaSwashed-Regular.ttf */ = {isa = PBXFileReference; lastKnownFileType = file; path = "SansitaSwashed-Regular.ttf"; sourceTree = "<group>"; };
		AD3C10432578E12D0080AC30 /* SansitaSwashed-Black.ttf */ = {isa = PBXFileReference; lastKnownFileType = file; path = "SansitaSwashed-Black.ttf"; sourceTree = "<group>"; };
		AD3C10442578E12D0080AC30 /* SansitaSwashed-ExtraBold.ttf */ = {isa = PBXFileReference; lastKnownFileType = file; path = "SansitaSwashed-ExtraBold.ttf"; sourceTree = "<group>"; };
		AD3C10452578E12D0080AC30 /* SansitaSwashed-SemiBold.ttf */ = {isa = PBXFileReference; lastKnownFileType = file; path = "SansitaSwashed-SemiBold.ttf"; sourceTree = "<group>"; };
		AD3C10462578E12E0080AC30 /* SansitaSwashed-Bold.ttf */ = {isa = PBXFileReference; lastKnownFileType = file; path = "SansitaSwashed-Bold.ttf"; sourceTree = "<group>"; };
		AD3C10472578E12E0080AC30 /* SansitaSwashed-Medium.ttf */ = {isa = PBXFileReference; lastKnownFileType = file; path = "SansitaSwashed-Medium.ttf"; sourceTree = "<group>"; };
		AD3C105E2579378A0080AC30 /* DiagnosisNotAvailable.swift */ = {isa = PBXFileReference; lastKnownFileType = sourcecode.swift; path = DiagnosisNotAvailable.swift; sourceTree = "<group>"; };
		ADB38C45256880EC0091D139 /* WorldDataStruct.swift */ = {isa = PBXFileReference; fileEncoding = 4; lastKnownFileType = sourcecode.swift; path = WorldDataStruct.swift; sourceTree = "<group>"; };
		ADB38C48256880EF0091D139 /* StateDataStruct.swift */ = {isa = PBXFileReference; lastKnownFileType = sourcecode.swift; path = StateDataStruct.swift; sourceTree = "<group>"; };
		ADB38C4B256880F10091D139 /* UserData.swift */ = {isa = PBXFileReference; lastKnownFileType = sourcecode.swift; path = UserData.swift; sourceTree = "<group>"; };
		ADB38C592568823E0091D139 /* Home.swift */ = {isa = PBXFileReference; lastKnownFileType = sourcecode.swift; path = Home.swift; sourceTree = "<group>"; };
		ADB38C6A256892BC0091D139 /* NavigationStyle.swift */ = {isa = PBXFileReference; fileEncoding = 4; lastKnownFileType = sourcecode.swift; path = NavigationStyle.swift; sourceTree = "<group>"; };
		ADB38C6B256892BC0091D139 /* SearchBar.swift */ = {isa = PBXFileReference; fileEncoding = 4; lastKnownFileType = sourcecode.swift; path = SearchBar.swift; sourceTree = "<group>"; };
		ADB38C6C256892BC0091D139 /* UtilityFunctions.swift */ = {isa = PBXFileReference; fileEncoding = 4; lastKnownFileType = sourcecode.swift; path = UtilityFunctions.swift; sourceTree = "<group>"; };
		ADB38C71256893030091D139 /* MapView.swift */ = {isa = PBXFileReference; lastKnownFileType = sourcecode.swift; path = MapView.swift; sourceTree = "<group>"; };
		ADB38C742568930D0091D139 /* WebView.swift */ = {isa = PBXFileReference; lastKnownFileType = sourcecode.swift; path = WebView.swift; sourceTree = "<group>"; };
		ADB38C77256893E80091D139 /* WorldDBAPI.swift */ = {isa = PBXFileReference; lastKnownFileType = sourcecode.swift; name = WorldDBAPI.swift; path = InstaCOVID/WorldDBAPI.swift; sourceTree = SOURCE_ROOT; };
		ADB38C7B256893F20091D139 /* StateDBAPI.swift */ = {isa = PBXFileReference; lastKnownFileType = sourcecode.swift; name = StateDBAPI.swift; path = InstaCOVID/StateDBAPI.swift; sourceTree = SOURCE_ROOT; };
		C53744802578DACD00798C27 /* Monitor.swift */ = {isa = PBXFileReference; lastKnownFileType = sourcecode.swift; path = Monitor.swift; sourceTree = "<group>"; };
		C5D50AA52578FF8D00B661F0 /* MonitorAnnotation.swift */ = {isa = PBXFileReference; lastKnownFileType = sourcecode.swift; path = MonitorAnnotation.swift; sourceTree = "<group>"; };
		C5D50AA92579059400B661F0 /* MonitorListItem.swift */ = {isa = PBXFileReference; lastKnownFileType = sourcecode.swift; path = MonitorListItem.swift; sourceTree = "<group>"; };
		C5D50AB325790C4200B661F0 /* StateHistDataStruct.swift */ = {isa = PBXFileReference; lastKnownFileType = sourcecode.swift; path = StateHistDataStruct.swift; sourceTree = "<group>"; };
		C5D50AB72579113400B661F0 /* StateHistDBAPI.swift */ = {isa = PBXFileReference; lastKnownFileType = sourcecode.swift; path = StateHistDBAPI.swift; sourceTree = "<group>"; };
/* End PBXFileReference section */

/* Begin PBXFrameworksBuildPhase section */
		1677642F256879EA00DFB371 /* Frameworks */ = {
			isa = PBXFrameworksBuildPhase;
			buildActionMask = 2147483647;
			files = (
			);
			runOnlyForDeploymentPostprocessing = 0;
		};
		16AC1F442579488B007945DF /* Frameworks */ = {
			isa = PBXFrameworksBuildPhase;
			buildActionMask = 2147483647;
			files = (
				16AC1F492579488B007945DF /* SwiftUI.framework in Frameworks */,
				16AC1F482579488B007945DF /* WidgetKit.framework in Frameworks */,
			);
			runOnlyForDeploymentPostprocessing = 0;
		};
/* End PBXFrameworksBuildPhase section */

/* Begin PBXGroup section */
		16776429256879EA00DFB371 = {
			isa = PBXGroup;
			children = (
				16776434256879EA00DFB371 /* InstaCOVID */,
				16AC1F4A2579488B007945DF /* InstaCOVIDWidget */,
				167764992568A97A00DFB371 /* Frameworks */,
				16776433256879EA00DFB371 /* Products */,
			);
			sourceTree = "<group>";
		};
		16776433256879EA00DFB371 /* Products */ = {
			isa = PBXGroup;
			children = (
				16776432256879EA00DFB371 /* InstaCOVID.app */,
				16AC1F472579488B007945DF /* InstaCOVIDWidgetExtension.appex */,
			);
			name = Products;
			sourceTree = "<group>";
		};
		16776434256879EA00DFB371 /* InstaCOVID */ = {
			isa = PBXGroup;
			children = (
				AD3C103F2578E1020080AC30 /* Fonts */,
				167764B62568B16A00DFB371 /* Tab Bar Views */,
				167764B42568B13500DFB371 /* Supporting Files */,
				167764B32568B11E00DFB371 /* API Data */,
				167764AF2568B0EA00DFB371 /* Data Models */,
				1677644A25687D9100DFB371 /* Delegate */,
				16776439256879EA00DFB371 /* ContentView.swift */,
				1677643B256879EB00DFB371 /* Assets.xcassets */,
				16776440256879EB00DFB371 /* LaunchScreen.storyboard */,
				16776443256879EB00DFB371 /* Info.plist */,
				1677643D256879EB00DFB371 /* Preview Content */,
			);
			path = InstaCOVID;
			sourceTree = "<group>";
		};
		1677643D256879EB00DFB371 /* Preview Content */ = {
			isa = PBXGroup;
			children = (
				1677643E256879EB00DFB371 /* Preview Assets.xcassets */,
			);
			path = "Preview Content";
			sourceTree = "<group>";
		};
		1677644A25687D9100DFB371 /* Delegate */ = {
			isa = PBXGroup;
			children = (
				16776435256879EA00DFB371 /* AppDelegate.swift */,
				16776437256879EA00DFB371 /* SceneDelegate.swift */,
			);
			name = Delegate;
			sourceTree = "<group>";
		};
		167764992568A97A00DFB371 /* Frameworks */ = {
			isa = PBXGroup;
			children = (
				1677649A2568A97A00DFB371 /* WidgetKit.framework */,
				1677649C2568A97A00DFB371 /* SwiftUI.framework */,
			);
			name = Frameworks;
			sourceTree = "<group>";
		};
		167764AF2568B0EA00DFB371 /* Data Models */ = {
			isa = PBXGroup;
			children = (
				ADB38C45256880EC0091D139 /* WorldDataStruct.swift */,
				ADB38C48256880EF0091D139 /* StateDataStruct.swift */,
				ADB38C4B256880F10091D139 /* UserData.swift */,
				C5D50AB325790C4200B661F0 /* StateHistDataStruct.swift */,
			);
			name = "Data Models";
			sourceTree = "<group>";
		};
		167764B32568B11E00DFB371 /* API Data */ = {
			isa = PBXGroup;
			children = (
				ADB38C77256893E80091D139 /* WorldDBAPI.swift */,
				ADB38C7B256893F20091D139 /* StateDBAPI.swift */,
				C5D50AB72579113400B661F0 /* StateHistDBAPI.swift */,
			);
			name = "API Data";
			sourceTree = "<group>";
		};
		167764B42568B13500DFB371 /* Supporting Files */ = {
			isa = PBXGroup;
			children = (
				16B0C5B425760BCB0051AD4A /* ImagePicker.swift */,
				16B0C5B325760BCB0051AD4A /* PhotoCaptureView.swift */,
				ADB38C71256893030091D139 /* MapView.swift */,
				ADB38C742568930D0091D139 /* WebView.swift */,
				ADB38C6A256892BC0091D139 /* NavigationStyle.swift */,
				ADB38C6B256892BC0091D139 /* SearchBar.swift */,
				ADB38C6C256892BC0091D139 /* UtilityFunctions.swift */,
				1697D4322578428600D02EF9 /* VisualEffectBlur.swift */,
				16AC1F2225787CDD007945DF /* LoadAndSave.swift */,
			);
			name = "Supporting Files";
			sourceTree = "<group>";
		};
		167764B62568B16A00DFB371 /* Tab Bar Views */ = {
			isa = PBXGroup;
			children = (
				167BA31B2575DF48008A45CA /* Diagnosis */,
				167764BA2568B19100DFB371 /* Settings */,
				167764B92568B18600DFB371 /* Monitor */,
				167764B82568B17F00DFB371 /* Data */,
				167764B72568B17700DFB371 /* Home */,
			);
			name = "Tab Bar Views";
			sourceTree = "<group>";
		};
		167764B72568B17700DFB371 /* Home */ = {
			isa = PBXGroup;
			children = (
				ADB38C592568823E0091D139 /* Home.swift */,
			);
			name = Home;
			sourceTree = "<group>";
		};
		167764B82568B17F00DFB371 /* Data */ = {
			isa = PBXGroup;
			children = (
				1658DCB2256F057200EA873F /* DataView.swift */,
				1658DCB6256F0A6000EA873F /* DataListItem.swift */,
				1658DCBA256F0A7000EA873F /* DataListDetails.swift */,
				1658DCC6256F576C00EA873F /* ListData.swift */,
				167BA3482575FFC8008A45CA /* GridListItem.swift */,
				167BA351257603C1008A45CA /* ListGrid.swift */,
			);
			name = Data;
			sourceTree = "<group>";
		};
		167764B92568B18600DFB371 /* Monitor */ = {
			isa = PBXGroup;
			children = (
				C53744802578DACD00798C27 /* Monitor.swift */,
				C5D50AA52578FF8D00B661F0 /* MonitorAnnotation.swift */,
				C5D50AA92579059400B661F0 /* MonitorListItem.swift */,
			);
			name = Monitor;
			sourceTree = "<group>";
		};
		167764BA2568B19100DFB371 /* Settings */ = {
			isa = PBXGroup;
			children = (
				16B0C5B925760C710051AD4A /* DisplayPersonalInfo.swift */,
				16B0C5AC25760B760051AD4A /* FirstTimeSetting.swift */,
				16B0C5AB25760B760051AD4A /* ForgetPassword.swift */,
				16B0C5AD25760B760051AD4A /* Settings.swift */,
				16B0C5A725760B3C0051AD4A /* EditInfoSetting.swift */,
				06955640256AFE8C00A6882F /* LogView.swift */,
			);
			name = Settings;
			sourceTree = "<group>";
		};
		167BA31B2575DF48008A45CA /* Diagnosis */ = {
			isa = PBXGroup;
			children = (
				167BA31C2575DF64008A45CA /* Diagnosis.swift */,
				AD3C10202578C81A0080AC30 /* DiagnosisAvailable.swift */,
				AD3C105E2579378A0080AC30 /* DiagnosisNotAvailable.swift */,
			);
			name = Diagnosis;
			sourceTree = "<group>";
		};
		16AC1F4A2579488B007945DF /* InstaCOVIDWidget */ = {
			isa = PBXGroup;
			children = (
				16AC1F4B2579488B007945DF /* InstaCOVIDWidget.swift */,
				16AC1F4D2579488C007945DF /* Assets.xcassets */,
				16AC1F4F2579488C007945DF /* Info.plist */,
			);
			path = InstaCOVIDWidget;
			sourceTree = "<group>";
		};
		AD3C103F2578E1020080AC30 /* Fonts */ = {
			isa = PBXGroup;
			children = (
				AD3C10462578E12E0080AC30 /* SansitaSwashed-Bold.ttf */,
				AD3C10442578E12D0080AC30 /* SansitaSwashed-ExtraBold.ttf */,
				AD3C10412578E12D0080AC30 /* SansitaSwashed-Light.ttf */,
				AD3C10472578E12E0080AC30 /* SansitaSwashed-Medium.ttf */,
				AD3C10422578E12D0080AC30 /* SansitaSwashed-Regular.ttf */,
				AD3C10432578E12D0080AC30 /* SansitaSwashed-Black.ttf */,
				AD3C10452578E12D0080AC30 /* SansitaSwashed-SemiBold.ttf */,
			);
			name = Fonts;
			sourceTree = "<group>";
		};
/* End PBXGroup section */

/* Begin PBXNativeTarget section */
		16776431256879EA00DFB371 /* InstaCOVID */ = {
			isa = PBXNativeTarget;
			buildConfigurationList = 16776446256879EB00DFB371 /* Build configuration list for PBXNativeTarget "InstaCOVID" */;
			buildPhases = (
				1677642E256879EA00DFB371 /* Sources */,
				1677642F256879EA00DFB371 /* Frameworks */,
				16776430256879EA00DFB371 /* Resources */,
				167764AA2568A97B00DFB371 /* Embed App Extensions */,
			);
			buildRules = (
			);
			dependencies = (
				16AC1F512579488C007945DF /* PBXTargetDependency */,
			);
			name = InstaCOVID;
			productName = InstaCOVID;
			productReference = 16776432256879EA00DFB371 /* InstaCOVID.app */;
			productType = "com.apple.product-type.application";
		};
		16AC1F462579488B007945DF /* InstaCOVIDWidgetExtension */ = {
			isa = PBXNativeTarget;
			buildConfigurationList = 16AC1F532579488C007945DF /* Build configuration list for PBXNativeTarget "InstaCOVIDWidgetExtension" */;
			buildPhases = (
				16AC1F432579488B007945DF /* Sources */,
				16AC1F442579488B007945DF /* Frameworks */,
				16AC1F452579488B007945DF /* Resources */,
			);
			buildRules = (
			);
			dependencies = (
			);
			name = InstaCOVIDWidgetExtension;
			productName = InstaCOVIDWidgetExtension;
			productReference = 16AC1F472579488B007945DF /* InstaCOVIDWidgetExtension.appex */;
			productType = "com.apple.product-type.app-extension";
		};
/* End PBXNativeTarget section */

/* Begin PBXProject section */
		1677642A256879EA00DFB371 /* Project object */ = {
			isa = PBXProject;
			attributes = {
				LastSwiftUpdateCheck = 1220;
				LastUpgradeCheck = 1220;
				ORGANIZATIONNAME = team2;
				TargetAttributes = {
					16776431256879EA00DFB371 = {
						CreatedOnToolsVersion = 12.2;
					};
					16AC1F462579488B007945DF = {
						CreatedOnToolsVersion = 12.2;
					};
				};
			};
			buildConfigurationList = 1677642D256879EA00DFB371 /* Build configuration list for PBXProject "InstaCOVID" */;
			compatibilityVersion = "Xcode 9.3";
			developmentRegion = en;
			hasScannedForEncodings = 0;
			knownRegions = (
				en,
				Base,
			);
			mainGroup = 16776429256879EA00DFB371;
			productRefGroup = 16776433256879EA00DFB371 /* Products */;
			projectDirPath = "";
			projectRoot = "";
			targets = (
				16776431256879EA00DFB371 /* InstaCOVID */,
				16AC1F462579488B007945DF /* InstaCOVIDWidgetExtension */,
			);
		};
/* End PBXProject section */

/* Begin PBXResourcesBuildPhase section */
		16776430256879EA00DFB371 /* Resources */ = {
			isa = PBXResourcesBuildPhase;
			buildActionMask = 2147483647;
			files = (
				16776442256879EB00DFB371 /* LaunchScreen.storyboard in Resources */,
				1677643F256879EB00DFB371 /* Preview Assets.xcassets in Resources */,
				1677643C256879EB00DFB371 /* Assets.xcassets in Resources */,
			);
			runOnlyForDeploymentPostprocessing = 0;
		};
		16AC1F452579488B007945DF /* Resources */ = {
			isa = PBXResourcesBuildPhase;
			buildActionMask = 2147483647;
			files = (
				16AC1F4E2579488C007945DF /* Assets.xcassets in Resources */,
			);
			runOnlyForDeploymentPostprocessing = 0;
		};
/* End PBXResourcesBuildPhase section */

/* Begin PBXSourcesBuildPhase section */
		1677642E256879EA00DFB371 /* Sources */ = {
			isa = PBXSourcesBuildPhase;
			buildActionMask = 2147483647;
			files = (
				ADB38C4C256880F10091D139 /* UserData.swift in Sources */,
				ADB38C6D256892BC0091D139 /* NavigationStyle.swift in Sources */,
				16B0C5B025760B760051AD4A /* Settings.swift in Sources */,
				1658DCB7256F0A6000EA873F /* DataListItem.swift in Sources */,
				ADB38C7C256893F20091D139 /* StateDBAPI.swift in Sources */,
				167BA3492575FFC8008A45CA /* GridListItem.swift in Sources */,
				16776436256879EA00DFB371 /* AppDelegate.swift in Sources */,
				ADB38C72256893030091D139 /* MapView.swift in Sources */,
				C5D50AB82579113400B661F0 /* StateHistDBAPI.swift in Sources */,
				ADB38C49256880EF0091D139 /* StateDataStruct.swift in Sources */,
				AD3C10212578C81A0080AC30 /* DiagnosisAvailable.swift in Sources */,
				16776438256879EA00DFB371 /* SceneDelegate.swift in Sources */,
				167BA31D2575DF64008A45CA /* Diagnosis.swift in Sources */,
				ADB38C78256893E80091D139 /* WorldDBAPI.swift in Sources */,
				ADB38C6E256892BC0091D139 /* SearchBar.swift in Sources */,
				C5D50AAA2579059400B661F0 /* MonitorListItem.swift in Sources */,
				1658DCBB256F0A7000EA873F /* DataListDetails.swift in Sources */,
				1697D4332578428600D02EF9 /* VisualEffectBlur.swift in Sources */,
				1677643A256879EA00DFB371 /* ContentView.swift in Sources */,
				C53744812578DACD00798C27 /* Monitor.swift in Sources */,
				16B0C5A825760B3C0051AD4A /* EditInfoSetting.swift in Sources */,
				16B0C5B525760BCB0051AD4A /* PhotoCaptureView.swift in Sources */,
				16B0C5BA25760C710051AD4A /* DisplayPersonalInfo.swift in Sources */,
				16B0C5B625760BCB0051AD4A /* ImagePicker.swift in Sources */,
				ADB38C46256880EC0091D139 /* WorldDataStruct.swift in Sources */,
				167BA352257603C1008A45CA /* ListGrid.swift in Sources */,
				16B0C5AE25760B760051AD4A /* ForgetPassword.swift in Sources */,
				16B0C5AF25760B760051AD4A /* FirstTimeSetting.swift in Sources */,
				ADB38C752568930D0091D139 /* WebView.swift in Sources */,
				06955641256AFE8C00A6882F /* LogView.swift in Sources */,
				ADB38C6F256892BC0091D139 /* UtilityFunctions.swift in Sources */,
				C5D50AB425790C4200B661F0 /* StateHistDataStruct.swift in Sources */,
				1658DCB3256F057200EA873F /* DataView.swift in Sources */,
				16AC1F2325787CDD007945DF /* LoadAndSave.swift in Sources */,
				ADB38C5A2568823E0091D139 /* Home.swift in Sources */,
				AD3C105F2579378A0080AC30 /* DiagnosisNotAvailable.swift in Sources */,
				1658DCC7256F576C00EA873F /* ListData.swift in Sources */,
				C5D50AA62578FF8D00B661F0 /* MonitorAnnotation.swift in Sources */,
			);
			runOnlyForDeploymentPostprocessing = 0;
		};
		16AC1F432579488B007945DF /* Sources */ = {
			isa = PBXSourcesBuildPhase;
			buildActionMask = 2147483647;
			files = (
				16AC1F4C2579488B007945DF /* InstaCOVIDWidget.swift in Sources */,
			);
			runOnlyForDeploymentPostprocessing = 0;
		};
/* End PBXSourcesBuildPhase section */

/* Begin PBXTargetDependency section */
		16AC1F512579488C007945DF /* PBXTargetDependency */ = {
			isa = PBXTargetDependency;
			target = 16AC1F462579488B007945DF /* InstaCOVIDWidgetExtension */;
			targetProxy = 16AC1F502579488C007945DF /* PBXContainerItemProxy */;
		};
/* End PBXTargetDependency section */

/* Begin PBXVariantGroup section */
		16776440256879EB00DFB371 /* LaunchScreen.storyboard */ = {
			isa = PBXVariantGroup;
			children = (
				16776441256879EB00DFB371 /* Base */,
			);
			name = LaunchScreen.storyboard;
			sourceTree = "<group>";
		};
/* End PBXVariantGroup section */

/* Begin XCBuildConfiguration section */
		16776444256879EB00DFB371 /* Debug */ = {
			isa = XCBuildConfiguration;
			buildSettings = {
				ALWAYS_SEARCH_USER_PATHS = NO;
				CLANG_ANALYZER_NONNULL = YES;
				CLANG_ANALYZER_NUMBER_OBJECT_CONVERSION = YES_AGGRESSIVE;
				CLANG_CXX_LANGUAGE_STANDARD = "gnu++14";
				CLANG_CXX_LIBRARY = "libc++";
				CLANG_ENABLE_MODULES = YES;
				CLANG_ENABLE_OBJC_ARC = YES;
				CLANG_ENABLE_OBJC_WEAK = YES;
				CLANG_WARN_BLOCK_CAPTURE_AUTORELEASING = YES;
				CLANG_WARN_BOOL_CONVERSION = YES;
				CLANG_WARN_COMMA = YES;
				CLANG_WARN_CONSTANT_CONVERSION = YES;
				CLANG_WARN_DEPRECATED_OBJC_IMPLEMENTATIONS = YES;
				CLANG_WARN_DIRECT_OBJC_ISA_USAGE = YES_ERROR;
				CLANG_WARN_DOCUMENTATION_COMMENTS = YES;
				CLANG_WARN_EMPTY_BODY = YES;
				CLANG_WARN_ENUM_CONVERSION = YES;
				CLANG_WARN_INFINITE_RECURSION = YES;
				CLANG_WARN_INT_CONVERSION = YES;
				CLANG_WARN_NON_LITERAL_NULL_CONVERSION = YES;
				CLANG_WARN_OBJC_IMPLICIT_RETAIN_SELF = YES;
				CLANG_WARN_OBJC_LITERAL_CONVERSION = YES;
				CLANG_WARN_OBJC_ROOT_CLASS = YES_ERROR;
				CLANG_WARN_QUOTED_INCLUDE_IN_FRAMEWORK_HEADER = YES;
				CLANG_WARN_RANGE_LOOP_ANALYSIS = YES;
				CLANG_WARN_STRICT_PROTOTYPES = YES;
				CLANG_WARN_SUSPICIOUS_MOVE = YES;
				CLANG_WARN_UNGUARDED_AVAILABILITY = YES_AGGRESSIVE;
				CLANG_WARN_UNREACHABLE_CODE = YES;
				CLANG_WARN__DUPLICATE_METHOD_MATCH = YES;
				CODE_SIGN_STYLE = Manual;
				COPY_PHASE_STRIP = NO;
				DEBUG_INFORMATION_FORMAT = dwarf;
				ENABLE_STRICT_OBJC_MSGSEND = YES;
				ENABLE_TESTABILITY = YES;
				GCC_C_LANGUAGE_STANDARD = gnu11;
				GCC_DYNAMIC_NO_PIC = NO;
				GCC_NO_COMMON_BLOCKS = YES;
				GCC_OPTIMIZATION_LEVEL = 0;
				GCC_PREPROCESSOR_DEFINITIONS = (
					"DEBUG=1",
					"$(inherited)",
				);
				GCC_WARN_64_TO_32_BIT_CONVERSION = YES;
				GCC_WARN_ABOUT_RETURN_TYPE = YES_ERROR;
				GCC_WARN_UNDECLARED_SELECTOR = YES;
				GCC_WARN_UNINITIALIZED_AUTOS = YES_AGGRESSIVE;
				GCC_WARN_UNUSED_FUNCTION = YES;
				GCC_WARN_UNUSED_VARIABLE = YES;
				IPHONEOS_DEPLOYMENT_TARGET = 14.2;
				MTL_ENABLE_DEBUG_INFO = INCLUDE_SOURCE;
				MTL_FAST_MATH = YES;
				ONLY_ACTIVE_ARCH = YES;
				SDKROOT = iphoneos;
				SWIFT_ACTIVE_COMPILATION_CONDITIONS = DEBUG;
				SWIFT_OPTIMIZATION_LEVEL = "-Onone";
			};
			name = Debug;
		};
		16776445256879EB00DFB371 /* Release */ = {
			isa = XCBuildConfiguration;
			buildSettings = {
				ALWAYS_SEARCH_USER_PATHS = NO;
				CLANG_ANALYZER_NONNULL = YES;
				CLANG_ANALYZER_NUMBER_OBJECT_CONVERSION = YES_AGGRESSIVE;
				CLANG_CXX_LANGUAGE_STANDARD = "gnu++14";
				CLANG_CXX_LIBRARY = "libc++";
				CLANG_ENABLE_MODULES = YES;
				CLANG_ENABLE_OBJC_ARC = YES;
				CLANG_ENABLE_OBJC_WEAK = YES;
				CLANG_WARN_BLOCK_CAPTURE_AUTORELEASING = YES;
				CLANG_WARN_BOOL_CONVERSION = YES;
				CLANG_WARN_COMMA = YES;
				CLANG_WARN_CONSTANT_CONVERSION = YES;
				CLANG_WARN_DEPRECATED_OBJC_IMPLEMENTATIONS = YES;
				CLANG_WARN_DIRECT_OBJC_ISA_USAGE = YES_ERROR;
				CLANG_WARN_DOCUMENTATION_COMMENTS = YES;
				CLANG_WARN_EMPTY_BODY = YES;
				CLANG_WARN_ENUM_CONVERSION = YES;
				CLANG_WARN_INFINITE_RECURSION = YES;
				CLANG_WARN_INT_CONVERSION = YES;
				CLANG_WARN_NON_LITERAL_NULL_CONVERSION = YES;
				CLANG_WARN_OBJC_IMPLICIT_RETAIN_SELF = YES;
				CLANG_WARN_OBJC_LITERAL_CONVERSION = YES;
				CLANG_WARN_OBJC_ROOT_CLASS = YES_ERROR;
				CLANG_WARN_QUOTED_INCLUDE_IN_FRAMEWORK_HEADER = YES;
				CLANG_WARN_RANGE_LOOP_ANALYSIS = YES;
				CLANG_WARN_STRICT_PROTOTYPES = YES;
				CLANG_WARN_SUSPICIOUS_MOVE = YES;
				CLANG_WARN_UNGUARDED_AVAILABILITY = YES_AGGRESSIVE;
				CLANG_WARN_UNREACHABLE_CODE = YES;
				CLANG_WARN__DUPLICATE_METHOD_MATCH = YES;
				CODE_SIGN_STYLE = Manual;
				COPY_PHASE_STRIP = NO;
				DEBUG_INFORMATION_FORMAT = "dwarf-with-dsym";
				ENABLE_NS_ASSERTIONS = NO;
				ENABLE_STRICT_OBJC_MSGSEND = YES;
				GCC_C_LANGUAGE_STANDARD = gnu11;
				GCC_NO_COMMON_BLOCKS = YES;
				GCC_WARN_64_TO_32_BIT_CONVERSION = YES;
				GCC_WARN_ABOUT_RETURN_TYPE = YES_ERROR;
				GCC_WARN_UNDECLARED_SELECTOR = YES;
				GCC_WARN_UNINITIALIZED_AUTOS = YES_AGGRESSIVE;
				GCC_WARN_UNUSED_FUNCTION = YES;
				GCC_WARN_UNUSED_VARIABLE = YES;
				IPHONEOS_DEPLOYMENT_TARGET = 14.2;
				MTL_ENABLE_DEBUG_INFO = NO;
				MTL_FAST_MATH = YES;
				SDKROOT = iphoneos;
				SWIFT_COMPILATION_MODE = wholemodule;
				SWIFT_OPTIMIZATION_LEVEL = "-O";
				VALIDATE_PRODUCT = YES;
			};
			name = Release;
		};
		16776447256879EB00DFB371 /* Debug */ = {
			isa = XCBuildConfiguration;
			buildSettings = {
				ALWAYS_EMBED_SWIFT_STANDARD_LIBRARIES = YES;
				ASSETCATALOG_COMPILER_APPICON_NAME = AppIcon;
				ASSETCATALOG_COMPILER_GLOBAL_ACCENT_COLOR_NAME = AccentColor;
				CODE_SIGN_IDENTITY = "Apple Development";
				CODE_SIGN_STYLE = Automatic;
				DEVELOPMENT_ASSET_PATHS = "\"InstaCOVID/Preview Content\"";
				DEVELOPMENT_TEAM = P4HRUWL6NU;
				ENABLE_PREVIEWS = YES;
				INFOPLIST_FILE = InstaCOVID/Info.plist;
				LD_RUNPATH_SEARCH_PATHS = (
					"$(inherited)",
					"@executable_path/Frameworks",
				);
				MARKETING_VERSION = 0.8;
				PRODUCT_BUNDLE_IDENTIFIER = com.ShangzhengJi.InstaCOVID;
				PRODUCT_NAME = "$(TARGET_NAME)";
				SWIFT_VERSION = 5.0;
				TARGETED_DEVICE_FAMILY = "1,2";
			};
			name = Debug;
		};
		16776448256879EB00DFB371 /* Release */ = {
			isa = XCBuildConfiguration;
			buildSettings = {
				ALWAYS_EMBED_SWIFT_STANDARD_LIBRARIES = YES;
				ASSETCATALOG_COMPILER_APPICON_NAME = AppIcon;
				ASSETCATALOG_COMPILER_GLOBAL_ACCENT_COLOR_NAME = AccentColor;
				CODE_SIGN_IDENTITY = "Apple Development";
				CODE_SIGN_STYLE = Automatic;
				DEVELOPMENT_ASSET_PATHS = "\"InstaCOVID/Preview Content\"";
				DEVELOPMENT_TEAM = P4HRUWL6NU;
				ENABLE_PREVIEWS = YES;
				INFOPLIST_FILE = InstaCOVID/Info.plist;
				LD_RUNPATH_SEARCH_PATHS = (
					"$(inherited)",
					"@executable_path/Frameworks",
				);
				MARKETING_VERSION = 0.8;
				PRODUCT_BUNDLE_IDENTIFIER = com.ShangzhengJi.InstaCOVID;
				PRODUCT_NAME = "$(TARGET_NAME)";
				SWIFT_VERSION = 5.0;
				TARGETED_DEVICE_FAMILY = "1,2";
			};
			name = Release;
		};
		16AC1F542579488C007945DF /* Debug */ = {
			isa = XCBuildConfiguration;
			buildSettings = {
				ASSETCATALOG_COMPILER_GLOBAL_ACCENT_COLOR_NAME = AccentColor;
				ASSETCATALOG_COMPILER_WIDGET_BACKGROUND_COLOR_NAME = WidgetBackground;
				CODE_SIGN_IDENTITY = "Apple Development";
				CODE_SIGN_STYLE = Automatic;
				DEVELOPMENT_TEAM = P4HRUWL6NU;
				INFOPLIST_FILE = InstaCOVIDWidget/Info.plist;
				LD_RUNPATH_SEARCH_PATHS = (
					"$(inherited)",
					"@executable_path/Frameworks",
					"@executable_path/../../Frameworks",
				);
				PRODUCT_BUNDLE_IDENTIFIER = com.ShangzhengJi.InstaCOVID.InstaCOVIDWidget;
				PRODUCT_NAME = "$(TARGET_NAME)";
				SKIP_INSTALL = YES;
				SWIFT_VERSION = 5.0;
				TARGETED_DEVICE_FAMILY = "1,2";
			};
			name = Debug;
		};
		16AC1F552579488C007945DF /* Release */ = {
			isa = XCBuildConfiguration;
			buildSettings = {
				ASSETCATALOG_COMPILER_GLOBAL_ACCENT_COLOR_NAME = AccentColor;
				ASSETCATALOG_COMPILER_WIDGET_BACKGROUND_COLOR_NAME = WidgetBackground;
				CODE_SIGN_IDENTITY = "Apple Development";
				CODE_SIGN_STYLE = Automatic;
				DEVELOPMENT_TEAM = P4HRUWL6NU;
				INFOPLIST_FILE = InstaCOVIDWidget/Info.plist;
				LD_RUNPATH_SEARCH_PATHS = (
					"$(inherited)",
					"@executable_path/Frameworks",
					"@executable_path/../../Frameworks",
				);
				PRODUCT_BUNDLE_IDENTIFIER = com.ShangzhengJi.InstaCOVID.InstaCOVIDWidget;
				PRODUCT_NAME = "$(TARGET_NAME)";
				SKIP_INSTALL = YES;
				SWIFT_VERSION = 5.0;
				TARGETED_DEVICE_FAMILY = "1,2";
			};
			name = Release;
		};
/* End XCBuildConfiguration section */

/* Begin XCConfigurationList section */
		1677642D256879EA00DFB371 /* Build configuration list for PBXProject "InstaCOVID" */ = {
			isa = XCConfigurationList;
			buildConfigurations = (
				16776444256879EB00DFB371 /* Debug */,
				16776445256879EB00DFB371 /* Release */,
			);
			defaultConfigurationIsVisible = 0;
			defaultConfigurationName = Release;
		};
		16776446256879EB00DFB371 /* Build configuration list for PBXNativeTarget "InstaCOVID" */ = {
			isa = XCConfigurationList;
			buildConfigurations = (
				16776447256879EB00DFB371 /* Debug */,
				16776448256879EB00DFB371 /* Release */,
			);
			defaultConfigurationIsVisible = 0;
			defaultConfigurationName = Release;
		};
		16AC1F532579488C007945DF /* Build configuration list for PBXNativeTarget "InstaCOVIDWidgetExtension" */ = {
			isa = XCConfigurationList;
			buildConfigurations = (
				16AC1F542579488C007945DF /* Debug */,
				16AC1F552579488C007945DF /* Release */,
			);
			defaultConfigurationIsVisible = 0;
			defaultConfigurationName = Release;
		};
/* End XCConfigurationList section */
	};
	rootObject = 1677642A256879EA00DFB371 /* Project object */;
}
