// !$*UTF8*$!
{
	archiveVersion = 1;
	classes = {
	};
	objectVersion = 50;
	objects = {

/* Begin PBXBuildFile section */
		16776436256879EA00DFB371 /* AppDelegate.swift in Sources */ = {isa = PBXBuildFile; fileRef = 16776435256879EA00DFB371 /* AppDelegate.swift */; };
		16776438256879EA00DFB371 /* SceneDelegate.swift in Sources */ = {isa = PBXBuildFile; fileRef = 16776437256879EA00DFB371 /* SceneDelegate.swift */; };
		1677643A256879EA00DFB371 /* ContentView.swift in Sources */ = {isa = PBXBuildFile; fileRef = 16776439256879EA00DFB371 /* ContentView.swift */; };
		1677643C256879EB00DFB371 /* Assets.xcassets in Resources */ = {isa = PBXBuildFile; fileRef = 1677643B256879EB00DFB371 /* Assets.xcassets */; };
		1677643F256879EB00DFB371 /* Preview Assets.xcassets in Resources */ = {isa = PBXBuildFile; fileRef = 1677643E256879EB00DFB371 /* Preview Assets.xcassets */; };
		16776442256879EB00DFB371 /* LaunchScreen.storyboard in Resources */ = {isa = PBXBuildFile; fileRef = 16776440256879EB00DFB371 /* LaunchScreen.storyboard */; };
		1677649B2568A97A00DFB371 /* WidgetKit.framework in Frameworks */ = {isa = PBXBuildFile; fileRef = 1677649A2568A97A00DFB371 /* WidgetKit.framework */; };
		1677649D2568A97A00DFB371 /* SwiftUI.framework in Frameworks */ = {isa = PBXBuildFile; fileRef = 1677649C2568A97A00DFB371 /* SwiftUI.framework */; };
		167764A02568A97A00DFB371 /* Widgwt.swift in Sources */ = {isa = PBXBuildFile; fileRef = 1677649F2568A97A00DFB371 /* Widgwt.swift */; };
		167764A22568A97B00DFB371 /* Assets.xcassets in Resources */ = {isa = PBXBuildFile; fileRef = 167764A12568A97B00DFB371 /* Assets.xcassets */; };
		167764A62568A97B00DFB371 /* WidgwtExtension.appex in Embed App Extensions */ = {isa = PBXBuildFile; fileRef = 167764982568A97A00DFB371 /* WidgwtExtension.appex */; settings = {ATTRIBUTES = (RemoveHeadersOnCopy, ); }; };
		ADB38C46256880EC0091D139 /* WorldDataStruct.swift in Sources */ = {isa = PBXBuildFile; fileRef = ADB38C45256880EC0091D139 /* WorldDataStruct.swift */; };
		ADB38C49256880EF0091D139 /* StateDataStruct.swift in Sources */ = {isa = PBXBuildFile; fileRef = ADB38C48256880EF0091D139 /* StateDataStruct.swift */; };
		ADB38C4C256880F10091D139 /* UserData.swift in Sources */ = {isa = PBXBuildFile; fileRef = ADB38C4B256880F10091D139 /* UserData.swift */; };
		ADB38C5A2568823E0091D139 /* Home.swift in Sources */ = {isa = PBXBuildFile; fileRef = ADB38C592568823E0091D139 /* Home.swift */; };
		ADB38C6D256892BC0091D139 /* NavigationStyle.swift in Sources */ = {isa = PBXBuildFile; fileRef = ADB38C6A256892BC0091D139 /* NavigationStyle.swift */; };
		ADB38C6E256892BC0091D139 /* SearchBar.swift in Sources */ = {isa = PBXBuildFile; fileRef = ADB38C6B256892BC0091D139 /* SearchBar.swift */; };
		ADB38C6F256892BC0091D139 /* UtilityFunctions.swift in Sources */ = {isa = PBXBuildFile; fileRef = ADB38C6C256892BC0091D139 /* UtilityFunctions.swift */; };
		ADB38C72256893030091D139 /* MapView.swift in Sources */ = {isa = PBXBuildFile; fileRef = ADB38C71256893030091D139 /* MapView.swift */; };
		ADB38C752568930D0091D139 /* WebView.swift in Sources */ = {isa = PBXBuildFile; fileRef = ADB38C742568930D0091D139 /* WebView.swift */; };
		ADB38C78256893E80091D139 /* WorldDBAPI.swift in Sources */ = {isa = PBXBuildFile; fileRef = ADB38C77256893E80091D139 /* WorldDBAPI.swift */; };
		ADB38C7C256893F20091D139 /* StateDBAPI.swift in Sources */ = {isa = PBXBuildFile; fileRef = ADB38C7B256893F20091D139 /* StateDBAPI.swift */; };
/* End PBXBuildFile section */

/* Begin PBXContainerItemProxy section */
		167764A42568A97B00DFB371 /* PBXContainerItemProxy */ = {
			isa = PBXContainerItemProxy;
			containerPortal = 1677642A256879EA00DFB371 /* Project object */;
			proxyType = 1;
			remoteGlobalIDString = 167764972568A97A00DFB371;
			remoteInfo = WidgwtExtension;
		};
/* End PBXContainerItemProxy section */

/* Begin PBXCopyFilesBuildPhase section */
		167764AA2568A97B00DFB371 /* Embed App Extensions */ = {
			isa = PBXCopyFilesBuildPhase;
			buildActionMask = 2147483647;
			dstPath = "";
			dstSubfolderSpec = 13;
			files = (
				167764A62568A97B00DFB371 /* WidgwtExtension.appex in Embed App Extensions */,
			);
			name = "Embed App Extensions";
			runOnlyForDeploymentPostprocessing = 0;
		};
/* End PBXCopyFilesBuildPhase section */

/* Begin PBXFileReference section */
		16776432256879EA00DFB371 /* InstaCOVID.app */ = {isa = PBXFileReference; explicitFileType = wrapper.application; includeInIndex = 0; path = InstaCOVID.app; sourceTree = BUILT_PRODUCTS_DIR; };
		16776435256879EA00DFB371 /* AppDelegate.swift */ = {isa = PBXFileReference; lastKnownFileType = sourcecode.swift; path = AppDelegate.swift; sourceTree = "<group>"; };
		16776437256879EA00DFB371 /* SceneDelegate.swift */ = {isa = PBXFileReference; lastKnownFileType = sourcecode.swift; path = SceneDelegate.swift; sourceTree = "<group>"; };
		16776439256879EA00DFB371 /* ContentView.swift */ = {isa = PBXFileReference; lastKnownFileType = sourcecode.swift; path = ContentView.swift; sourceTree = "<group>"; };
		1677643B256879EB00DFB371 /* Assets.xcassets */ = {isa = PBXFileReference; lastKnownFileType = folder.assetcatalog; path = Assets.xcassets; sourceTree = "<group>"; };
		1677643E256879EB00DFB371 /* Preview Assets.xcassets */ = {isa = PBXFileReference; lastKnownFileType = folder.assetcatalog; path = "Preview Assets.xcassets"; sourceTree = "<group>"; };
		16776441256879EB00DFB371 /* Base */ = {isa = PBXFileReference; lastKnownFileType = file.storyboard; name = Base; path = Base.lproj/LaunchScreen.storyboard; sourceTree = "<group>"; };
		16776443256879EB00DFB371 /* Info.plist */ = {isa = PBXFileReference; lastKnownFileType = text.plist.xml; path = Info.plist; sourceTree = "<group>"; };
		167764982568A97A00DFB371 /* WidgwtExtension.appex */ = {isa = PBXFileReference; explicitFileType = "wrapper.app-extension"; includeInIndex = 0; path = WidgwtExtension.appex; sourceTree = BUILT_PRODUCTS_DIR; };
		1677649A2568A97A00DFB371 /* WidgetKit.framework */ = {isa = PBXFileReference; lastKnownFileType = wrapper.framework; name = WidgetKit.framework; path = System/Library/Frameworks/WidgetKit.framework; sourceTree = SDKROOT; };
		1677649C2568A97A00DFB371 /* SwiftUI.framework */ = {isa = PBXFileReference; lastKnownFileType = wrapper.framework; name = SwiftUI.framework; path = System/Library/Frameworks/SwiftUI.framework; sourceTree = SDKROOT; };
		1677649F2568A97A00DFB371 /* Widgwt.swift */ = {isa = PBXFileReference; lastKnownFileType = sourcecode.swift; path = Widgwt.swift; sourceTree = "<group>"; };
		167764A12568A97B00DFB371 /* Assets.xcassets */ = {isa = PBXFileReference; lastKnownFileType = folder.assetcatalog; path = Assets.xcassets; sourceTree = "<group>"; };
		167764A32568A97B00DFB371 /* Info.plist */ = {isa = PBXFileReference; lastKnownFileType = text.plist.xml; path = Info.plist; sourceTree = "<group>"; };
		ADB38C45256880EC0091D139 /* WorldDataStruct.swift */ = {isa = PBXFileReference; fileEncoding = 4; lastKnownFileType = sourcecode.swift; path = WorldDataStruct.swift; sourceTree = "<group>"; };
		ADB38C48256880EF0091D139 /* StateDataStruct.swift */ = {isa = PBXFileReference; lastKnownFileType = sourcecode.swift; path = StateDataStruct.swift; sourceTree = "<group>"; };
		ADB38C4B256880F10091D139 /* UserData.swift */ = {isa = PBXFileReference; lastKnownFileType = sourcecode.swift; path = UserData.swift; sourceTree = "<group>"; };
		ADB38C592568823E0091D139 /* Home.swift */ = {isa = PBXFileReference; lastKnownFileType = sourcecode.swift; path = Home.swift; sourceTree = "<group>"; };
		ADB38C6A256892BC0091D139 /* NavigationStyle.swift */ = {isa = PBXFileReference; fileEncoding = 4; lastKnownFileType = sourcecode.swift; path = NavigationStyle.swift; sourceTree = "<group>"; };
		ADB38C6B256892BC0091D139 /* SearchBar.swift */ = {isa = PBXFileReference; fileEncoding = 4; lastKnownFileType = sourcecode.swift; path = SearchBar.swift; sourceTree = "<group>"; };
		ADB38C6C256892BC0091D139 /* UtilityFunctions.swift */ = {isa = PBXFileReference; fileEncoding = 4; lastKnownFileType = sourcecode.swift; path = UtilityFunctions.swift; sourceTree = "<group>"; };
		ADB38C71256893030091D139 /* MapView.swift */ = {isa = PBXFileReference; lastKnownFileType = sourcecode.swift; path = MapView.swift; sourceTree = "<group>"; };
		ADB38C742568930D0091D139 /* WebView.swift */ = {isa = PBXFileReference; lastKnownFileType = sourcecode.swift; path = WebView.swift; sourceTree = "<group>"; };
		ADB38C77256893E80091D139 /* WorldDBAPI.swift */ = {isa = PBXFileReference; lastKnownFileType = sourcecode.swift; name = WorldDBAPI.swift; path = "InstaCOVID/Supporting Files/WorldDBAPI.swift"; sourceTree = SOURCE_ROOT; };
		ADB38C7B256893F20091D139 /* StateDBAPI.swift */ = {isa = PBXFileReference; lastKnownFileType = sourcecode.swift; name = StateDBAPI.swift; path = "InstaCOVID/Supporting Files/StateDBAPI.swift"; sourceTree = SOURCE_ROOT; };
/* End PBXFileReference section */

/* Begin PBXFrameworksBuildPhase section */
		1677642F256879EA00DFB371 /* Frameworks */ = {
			isa = PBXFrameworksBuildPhase;
			buildActionMask = 2147483647;
			files = (
			);
			runOnlyForDeploymentPostprocessing = 0;
		};
		167764952568A97A00DFB371 /* Frameworks */ = {
			isa = PBXFrameworksBuildPhase;
			buildActionMask = 2147483647;
			files = (
				1677649D2568A97A00DFB371 /* SwiftUI.framework in Frameworks */,
				1677649B2568A97A00DFB371 /* WidgetKit.framework in Frameworks */,
			);
			runOnlyForDeploymentPostprocessing = 0;
		};
/* End PBXFrameworksBuildPhase section */

/* Begin PBXGroup section */
		16776429256879EA00DFB371 = {
			isa = PBXGroup;
			children = (
				16776434256879EA00DFB371 /* InstaCOVID */,
				1677649E2568A97A00DFB371 /* Widgwt */,
				167764992568A97A00DFB371 /* Frameworks */,
				16776433256879EA00DFB371 /* Products */,
			);
			sourceTree = "<group>";
		};
		16776433256879EA00DFB371 /* Products */ = {
			isa = PBXGroup;
			children = (
				16776432256879EA00DFB371 /* InstaCOVID.app */,
				167764982568A97A00DFB371 /* WidgwtExtension.appex */,
			);
			name = Products;
			sourceTree = "<group>";
		};
		16776434256879EA00DFB371 /* InstaCOVID */ = {
			isa = PBXGroup;
			children = (
				1677644A25687D9100DFB371 /* Delegate */,
				ADB38C44256880E20091D139 /* Data Models */,
				ADB38C5D2568830E0091D139 /* API Data */,
				ADB38C5C2568824A0091D139 /* Supporting Files */,
				16776439256879EA00DFB371 /* ContentView.swift */,
				ADB38C51256881D30091D139 /* Tab Bar Views */,
				1677643B256879EB00DFB371 /* Assets.xcassets */,
				16776440256879EB00DFB371 /* LaunchScreen.storyboard */,
				16776443256879EB00DFB371 /* Info.plist */,
				1677643D256879EB00DFB371 /* Preview Content */,
			);
			path = InstaCOVID;
			sourceTree = "<group>";
		};
		1677643D256879EB00DFB371 /* Preview Content */ = {
			isa = PBXGroup;
			children = (
				1677643E256879EB00DFB371 /* Preview Assets.xcassets */,
			);
			path = "Preview Content";
			sourceTree = "<group>";
		};
		1677644A25687D9100DFB371 /* Delegate */ = {
			isa = PBXGroup;
			children = (
				16776435256879EA00DFB371 /* AppDelegate.swift */,
				16776437256879EA00DFB371 /* SceneDelegate.swift */,
			);
			name = Delegate;
			sourceTree = "<group>";
		};
		167764992568A97A00DFB371 /* Frameworks */ = {
			isa = PBXGroup;
			children = (
				1677649A2568A97A00DFB371 /* WidgetKit.framework */,
				1677649C2568A97A00DFB371 /* SwiftUI.framework */,
			);
			name = Frameworks;
			sourceTree = "<group>";
		};
		1677649E2568A97A00DFB371 /* Widgwt */ = {
			isa = PBXGroup;
			children = (
				1677649F2568A97A00DFB371 /* Widgwt.swift */,
				167764A12568A97B00DFB371 /* Assets.xcassets */,
				167764A32568A97B00DFB371 /* Info.plist */,
			);
			path = Widgwt;
			sourceTree = "<group>";
		};
		ADB38C44256880E20091D139 /* Data Models */ = {
			isa = PBXGroup;
			children = (
				ADB38C45256880EC0091D139 /* WorldDataStruct.swift */,
				ADB38C48256880EF0091D139 /* StateDataStruct.swift */,
				ADB38C4B256880F10091D139 /* UserData.swift */,
			);
			path = "Data Models";
			sourceTree = "<group>";
		};
		ADB38C51256881D30091D139 /* Tab Bar Views */ = {
			isa = PBXGroup;
			children = (
				ADB38C53256881FF0091D139 /* Home */,
				ADB38C552568820D0091D139 /* Data */,
				ADB38C54256882030091D139 /* Diagnosis */,
				ADB38C572568821F0091D139 /* Monitor */,
				ADB38C56256882180091D139 /* Settings */,
			);
			path = "Tab Bar Views";
			sourceTree = "<group>";
		};
		ADB38C53256881FF0091D139 /* Home */ = {
			isa = PBXGroup;
			children = (
				ADB38C592568823E0091D139 /* Home.swift */,
			);
			path = Home;
			sourceTree = "<group>";
		};
		ADB38C54256882030091D139 /* Diagnosis */ = {
			isa = PBXGroup;
			children = (
			);
			path = Diagnosis;
			sourceTree = "<group>";
		};
		ADB38C552568820D0091D139 /* Data */ = {
			isa = PBXGroup;
			children = (
			);
			path = Data;
			sourceTree = "<group>";
		};
		ADB38C56256882180091D139 /* Settings */ = {
			isa = PBXGroup;
			children = (
			);
			path = Settings;
			sourceTree = "<group>";
		};
		ADB38C572568821F0091D139 /* Monitor */ = {
			isa = PBXGroup;
			children = (
			);
			path = Monitor;
			sourceTree = "<group>";
		};
		ADB38C5C2568824A0091D139 /* Supporting Files */ = {
			isa = PBXGroup;
			children = (
				ADB38C71256893030091D139 /* MapView.swift */,
				ADB38C742568930D0091D139 /* WebView.swift */,
				ADB38C6A256892BC0091D139 /* NavigationStyle.swift */,
				ADB38C6B256892BC0091D139 /* SearchBar.swift */,
				ADB38C6C256892BC0091D139 /* UtilityFunctions.swift */,
			);
			path = "Supporting Files";
			sourceTree = "<group>";
		};
		ADB38C5D2568830E0091D139 /* API Data */ = {
			isa = PBXGroup;
			children = (
				ADB38C77256893E80091D139 /* WorldDBAPI.swift */,
				ADB38C7B256893F20091D139 /* StateDBAPI.swift */,
			);
			path = "API Data";
			sourceTree = "<group>";
		};
/* End PBXGroup section */

/* Begin PBXNativeTarget section */
		16776431256879EA00DFB371 /* InstaCOVID */ = {
			isa = PBXNativeTarget;
			buildConfigurationList = 16776446256879EB00DFB371 /* Build configuration list for PBXNativeTarget "InstaCOVID" */;
			buildPhases = (
				1677642E256879EA00DFB371 /* Sources */,
				1677642F256879EA00DFB371 /* Frameworks */,
				16776430256879EA00DFB371 /* Resources */,
				167764AA2568A97B00DFB371 /* Embed App Extensions */,
			);
			buildRules = (
			);
			dependencies = (
				167764A52568A97B00DFB371 /* PBXTargetDependency */,
			);
			name = InstaCOVID;
			productName = InstaCOVID;
			productReference = 16776432256879EA00DFB371 /* InstaCOVID.app */;
			productType = "com.apple.product-type.application";
		};
		167764972568A97A00DFB371 /* WidgwtExtension */ = {
			isa = PBXNativeTarget;
			buildConfigurationList = 167764A72568A97B00DFB371 /* Build configuration list for PBXNativeTarget "WidgwtExtension" */;
			buildPhases = (
				167764942568A97A00DFB371 /* Sources */,
				167764952568A97A00DFB371 /* Frameworks */,
				167764962568A97A00DFB371 /* Resources */,
			);
			buildRules = (
			);
			dependencies = (
			);
			name = WidgwtExtension;
			productName = WidgwtExtension;
			productReference = 167764982568A97A00DFB371 /* WidgwtExtension.appex */;
			productType = "com.apple.product-type.app-extension";
		};
/* End PBXNativeTarget section */

/* Begin PBXProject section */
		1677642A256879EA00DFB371 /* Project object */ = {
			isa = PBXProject;
			attributes = {
				LastSwiftUpdateCheck = 1220;
				LastUpgradeCheck = 1220;
				ORGANIZATIONNAME = team2;
				TargetAttributes = {
					16776431256879EA00DFB371 = {
						CreatedOnToolsVersion = 12.2;
					};
					167764972568A97A00DFB371 = {
						CreatedOnToolsVersion = 12.2;
					};
				};
			};
			buildConfigurationList = 1677642D256879EA00DFB371 /* Build configuration list for PBXProject "InstaCOVID" */;
			compatibilityVersion = "Xcode 9.3";
			developmentRegion = en;
			hasScannedForEncodings = 0;
			knownRegions = (
				en,
				Base,
			);
			mainGroup = 16776429256879EA00DFB371;
			productRefGroup = 16776433256879EA00DFB371 /* Products */;
			projectDirPath = "";
			projectRoot = "";
			targets = (
				16776431256879EA00DFB371 /* InstaCOVID */,
				167764972568A97A00DFB371 /* WidgwtExtension */,
			);
		};
/* End PBXProject section */

/* Begin PBXResourcesBuildPhase section */
		16776430256879EA00DFB371 /* Resources */ = {
			isa = PBXResourcesBuildPhase;
			buildActionMask = 2147483647;
			files = (
				16776442256879EB00DFB371 /* LaunchScreen.storyboard in Resources */,
				1677643F256879EB00DFB371 /* Preview Assets.xcassets in Resources */,
				1677643C256879EB00DFB371 /* Assets.xcassets in Resources */,
			);
			runOnlyForDeploymentPostprocessing = 0;
		};
		167764962568A97A00DFB371 /* Resources */ = {
			isa = PBXResourcesBuildPhase;
			buildActionMask = 2147483647;
			files = (
				167764A22568A97B00DFB371 /* Assets.xcassets in Resources */,
			);
			runOnlyForDeploymentPostprocessing = 0;
		};
/* End PBXResourcesBuildPhase section */

/* Begin PBXSourcesBuildPhase section */
		1677642E256879EA00DFB371 /* Sources */ = {
			isa = PBXSourcesBuildPhase;
			buildActionMask = 2147483647;
			files = (
				ADB38C4C256880F10091D139 /* UserData.swift in Sources */,
				ADB38C6D256892BC0091D139 /* NavigationStyle.swift in Sources */,
				ADB38C7C256893F20091D139 /* StateDBAPI.swift in Sources */,
				16776436256879EA00DFB371 /* AppDelegate.swift in Sources */,
				ADB38C72256893030091D139 /* MapView.swift in Sources */,
				ADB38C49256880EF0091D139 /* StateDataStruct.swift in Sources */,
				16776438256879EA00DFB371 /* SceneDelegate.swift in Sources */,
				ADB38C78256893E80091D139 /* WorldDBAPI.swift in Sources */,
				ADB38C6E256892BC0091D139 /* SearchBar.swift in Sources */,
				1677643A256879EA00DFB371 /* ContentView.swift in Sources */,
				ADB38C46256880EC0091D139 /* WorldDataStruct.swift in Sources */,
				ADB38C752568930D0091D139 /* WebView.swift in Sources */,
				ADB38C6F256892BC0091D139 /* UtilityFunctions.swift in Sources */,
				ADB38C5A2568823E0091D139 /* Home.swift in Sources */,
			);
			runOnlyForDeploymentPostprocessing = 0;
		};
		167764942568A97A00DFB371 /* Sources */ = {
			isa = PBXSourcesBuildPhase;
			buildActionMask = 2147483647;
			files = (
				167764A02568A97A00DFB371 /* Widgwt.swift in Sources */,
			);
			runOnlyForDeploymentPostprocessing = 0;
		};
/* End PBXSourcesBuildPhase section */

/* Begin PBXTargetDependency section */
		167764A52568A97B00DFB371 /* PBXTargetDependency */ = {
			isa = PBXTargetDependency;
			target = 167764972568A97A00DFB371 /* WidgwtExtension */;
			targetProxy = 167764A42568A97B00DFB371 /* PBXContainerItemProxy */;
		};
/* End PBXTargetDependency section */

/* Begin PBXVariantGroup section */
		16776440256879EB00DFB371 /* LaunchScreen.storyboard */ = {
			isa = PBXVariantGroup;
			children = (
				16776441256879EB00DFB371 /* Base */,
			);
			name = LaunchScreen.storyboard;
			sourceTree = "<group>";
		};
/* End PBXVariantGroup section */

/* Begin XCBuildConfiguration section */
		16776444256879EB00DFB371 /* Debug */ = {
			isa = XCBuildConfiguration;
			buildSettings = {
				ALWAYS_SEARCH_USER_PATHS = NO;
				CLANG_ANALYZER_NONNULL = YES;
				CLANG_ANALYZER_NUMBER_OBJECT_CONVERSION = YES_AGGRESSIVE;
				CLANG_CXX_LANGUAGE_STANDARD = "gnu++14";
				CLANG_CXX_LIBRARY = "libc++";
				CLANG_ENABLE_MODULES = YES;
				CLANG_ENABLE_OBJC_ARC = YES;
				CLANG_ENABLE_OBJC_WEAK = YES;
				CLANG_WARN_BLOCK_CAPTURE_AUTORELEASING = YES;
				CLANG_WARN_BOOL_CONVERSION = YES;
				CLANG_WARN_COMMA = YES;
				CLANG_WARN_CONSTANT_CONVERSION = YES;
				CLANG_WARN_DEPRECATED_OBJC_IMPLEMENTATIONS = YES;
				CLANG_WARN_DIRECT_OBJC_ISA_USAGE = YES_ERROR;
				CLANG_WARN_DOCUMENTATION_COMMENTS = YES;
				CLANG_WARN_EMPTY_BODY = YES;
				CLANG_WARN_ENUM_CONVERSION = YES;
				CLANG_WARN_INFINITE_RECURSION = YES;
				CLANG_WARN_INT_CONVERSION = YES;
				CLANG_WARN_NON_LITERAL_NULL_CONVERSION = YES;
				CLANG_WARN_OBJC_IMPLICIT_RETAIN_SELF = YES;
				CLANG_WARN_OBJC_LITERAL_CONVERSION = YES;
				CLANG_WARN_OBJC_ROOT_CLASS = YES_ERROR;
				CLANG_WARN_QUOTED_INCLUDE_IN_FRAMEWORK_HEADER = YES;
				CLANG_WARN_RANGE_LOOP_ANALYSIS = YES;
				CLANG_WARN_STRICT_PROTOTYPES = YES;
				CLANG_WARN_SUSPICIOUS_MOVE = YES;
				CLANG_WARN_UNGUARDED_AVAILABILITY = YES_AGGRESSIVE;
				CLANG_WARN_UNREACHABLE_CODE = YES;
				CLANG_WARN__DUPLICATE_METHOD_MATCH = YES;
				COPY_PHASE_STRIP = NO;
				DEBUG_INFORMATION_FORMAT = dwarf;
				ENABLE_STRICT_OBJC_MSGSEND = YES;
				ENABLE_TESTABILITY = YES;
				GCC_C_LANGUAGE_STANDARD = gnu11;
				GCC_DYNAMIC_NO_PIC = NO;
				GCC_NO_COMMON_BLOCKS = YES;
				GCC_OPTIMIZATION_LEVEL = 0;
				GCC_PREPROCESSOR_DEFINITIONS = (
					"DEBUG=1",
					"$(inherited)",
				);
				GCC_WARN_64_TO_32_BIT_CONVERSION = YES;
				GCC_WARN_ABOUT_RETURN_TYPE = YES_ERROR;
				GCC_WARN_UNDECLARED_SELECTOR = YES;
				GCC_WARN_UNINITIALIZED_AUTOS = YES_AGGRESSIVE;
				GCC_WARN_UNUSED_FUNCTION = YES;
				GCC_WARN_UNUSED_VARIABLE = YES;
				IPHONEOS_DEPLOYMENT_TARGET = 14.2;
				MTL_ENABLE_DEBUG_INFO = INCLUDE_SOURCE;
				MTL_FAST_MATH = YES;
				ONLY_ACTIVE_ARCH = YES;
				SDKROOT = iphoneos;
				SWIFT_ACTIVE_COMPILATION_CONDITIONS = DEBUG;
				SWIFT_OPTIMIZATION_LEVEL = "-Onone";
			};
			name = Debug;
		};
		16776445256879EB00DFB371 /* Release */ = {
			isa = XCBuildConfiguration;
			buildSettings = {
				ALWAYS_SEARCH_USER_PATHS = NO;
				CLANG_ANALYZER_NONNULL = YES;
				CLANG_ANALYZER_NUMBER_OBJECT_CONVERSION = YES_AGGRESSIVE;
				CLANG_CXX_LANGUAGE_STANDARD = "gnu++14";
				CLANG_CXX_LIBRARY = "libc++";
				CLANG_ENABLE_MODULES = YES;
				CLANG_ENABLE_OBJC_ARC = YES;
				CLANG_ENABLE_OBJC_WEAK = YES;
				CLANG_WARN_BLOCK_CAPTURE_AUTORELEASING = YES;
				CLANG_WARN_BOOL_CONVERSION = YES;
				CLANG_WARN_COMMA = YES;
				CLANG_WARN_CONSTANT_CONVERSION = YES;
				CLANG_WARN_DEPRECATED_OBJC_IMPLEMENTATIONS = YES;
				CLANG_WARN_DIRECT_OBJC_ISA_USAGE = YES_ERROR;
				CLANG_WARN_DOCUMENTATION_COMMENTS = YES;
				CLANG_WARN_EMPTY_BODY = YES;
				CLANG_WARN_ENUM_CONVERSION = YES;
				CLANG_WARN_INFINITE_RECURSION = YES;
				CLANG_WARN_INT_CONVERSION = YES;
				CLANG_WARN_NON_LITERAL_NULL_CONVERSION = YES;
				CLANG_WARN_OBJC_IMPLICIT_RETAIN_SELF = YES;
				CLANG_WARN_OBJC_LITERAL_CONVERSION = YES;
				CLANG_WARN_OBJC_ROOT_CLASS = YES_ERROR;
				CLANG_WARN_QUOTED_INCLUDE_IN_FRAMEWORK_HEADER = YES;
				CLANG_WARN_RANGE_LOOP_ANALYSIS = YES;
				CLANG_WARN_STRICT_PROTOTYPES = YES;
				CLANG_WARN_SUSPICIOUS_MOVE = YES;
				CLANG_WARN_UNGUARDED_AVAILABILITY = YES_AGGRESSIVE;
				CLANG_WARN_UNREACHABLE_CODE = YES;
				CLANG_WARN__DUPLICATE_METHOD_MATCH = YES;
				COPY_PHASE_STRIP = NO;
				DEBUG_INFORMATION_FORMAT = "dwarf-with-dsym";
				ENABLE_NS_ASSERTIONS = NO;
				ENABLE_STRICT_OBJC_MSGSEND = YES;
				GCC_C_LANGUAGE_STANDARD = gnu11;
				GCC_NO_COMMON_BLOCKS = YES;
				GCC_WARN_64_TO_32_BIT_CONVERSION = YES;
				GCC_WARN_ABOUT_RETURN_TYPE = YES_ERROR;
				GCC_WARN_UNDECLARED_SELECTOR = YES;
				GCC_WARN_UNINITIALIZED_AUTOS = YES_AGGRESSIVE;
				GCC_WARN_UNUSED_FUNCTION = YES;
				GCC_WARN_UNUSED_VARIABLE = YES;
				IPHONEOS_DEPLOYMENT_TARGET = 14.2;
				MTL_ENABLE_DEBUG_INFO = NO;
				MTL_FAST_MATH = YES;
				SDKROOT = iphoneos;
				SWIFT_COMPILATION_MODE = wholemodule;
				SWIFT_OPTIMIZATION_LEVEL = "-O";
				VALIDATE_PRODUCT = YES;
			};
			name = Release;
		};
		16776447256879EB00DFB371 /* Debug */ = {
			isa = XCBuildConfiguration;
			buildSettings = {
				ALWAYS_EMBED_SWIFT_STANDARD_LIBRARIES = YES;
				ASSETCATALOG_COMPILER_APPICON_NAME = AppIcon;
				ASSETCATALOG_COMPILER_GLOBAL_ACCENT_COLOR_NAME = AccentColor;
				CODE_SIGN_STYLE = Automatic;
				DEVELOPMENT_ASSET_PATHS = "\"InstaCOVID/Preview Content\"";
				DEVELOPMENT_TEAM = P4HRUWL6NU;
				ENABLE_PREVIEWS = YES;
				INFOPLIST_FILE = InstaCOVID/Info.plist;
				LD_RUNPATH_SEARCH_PATHS = (
					"$(inherited)",
					"@executable_path/Frameworks",
				);
				MARKETING_VERSION = 0.1;
				PRODUCT_BUNDLE_IDENTIFIER = com.ShangzhengJi.InstaCOVID;
				PRODUCT_NAME = "$(TARGET_NAME)";
				SWIFT_VERSION = 5.0;
				TARGETED_DEVICE_FAMILY = "1,2";
			};
			name = Debug;
		};
		16776448256879EB00DFB371 /* Release */ = {
			isa = XCBuildConfiguration;
			buildSettings = {
				ALWAYS_EMBED_SWIFT_STANDARD_LIBRARIES = YES;
				ASSETCATALOG_COMPILER_APPICON_NAME = AppIcon;
				ASSETCATALOG_COMPILER_GLOBAL_ACCENT_COLOR_NAME = AccentColor;
				CODE_SIGN_STYLE = Automatic;
				DEVELOPMENT_ASSET_PATHS = "\"InstaCOVID/Preview Content\"";
				DEVELOPMENT_TEAM = P4HRUWL6NU;
				ENABLE_PREVIEWS = YES;
				INFOPLIST_FILE = InstaCOVID/Info.plist;
				LD_RUNPATH_SEARCH_PATHS = (
					"$(inherited)",
					"@executable_path/Frameworks",
				);
				MARKETING_VERSION = 0.1;
				PRODUCT_BUNDLE_IDENTIFIER = com.ShangzhengJi.InstaCOVID;
				PRODUCT_NAME = "$(TARGET_NAME)";
				SWIFT_VERSION = 5.0;
				TARGETED_DEVICE_FAMILY = "1,2";
			};
			name = Release;
		};
		167764A82568A97B00DFB371 /* Debug */ = {
			isa = XCBuildConfiguration;
			buildSettings = {
				ASSETCATALOG_COMPILER_GLOBAL_ACCENT_COLOR_NAME = AccentColor;
				ASSETCATALOG_COMPILER_WIDGET_BACKGROUND_COLOR_NAME = WidgetBackground;
				CODE_SIGN_STYLE = Automatic;
				DEVELOPMENT_TEAM = P4HRUWL6NU;
				INFOPLIST_FILE = Widgwt/Info.plist;
				LD_RUNPATH_SEARCH_PATHS = (
					"$(inherited)",
					"@executable_path/Frameworks",
					"@executable_path/../../Frameworks",
				);
				PRODUCT_BUNDLE_IDENTIFIER = com.ShangzhengJi.InstaCOVID.Widgwt;
				PRODUCT_NAME = "$(TARGET_NAME)";
				SKIP_INSTALL = YES;
				SWIFT_VERSION = 5.0;
				TARGETED_DEVICE_FAMILY = "1,2";
			};
			name = Debug;
		};
		167764A92568A97B00DFB371 /* Release */ = {
			isa = XCBuildConfiguration;
			buildSettings = {
				ASSETCATALOG_COMPILER_GLOBAL_ACCENT_COLOR_NAME = AccentColor;
				ASSETCATALOG_COMPILER_WIDGET_BACKGROUND_COLOR_NAME = WidgetBackground;
				CODE_SIGN_STYLE = Automatic;
				DEVELOPMENT_TEAM = P4HRUWL6NU;
				INFOPLIST_FILE = Widgwt/Info.plist;
				LD_RUNPATH_SEARCH_PATHS = (
					"$(inherited)",
					"@executable_path/Frameworks",
					"@executable_path/../../Frameworks",
				);
				PRODUCT_BUNDLE_IDENTIFIER = com.ShangzhengJi.InstaCOVID.Widgwt;
				PRODUCT_NAME = "$(TARGET_NAME)";
				SKIP_INSTALL = YES;
				SWIFT_VERSION = 5.0;
				TARGETED_DEVICE_FAMILY = "1,2";
			};
			name = Release;
		};
/* End XCBuildConfiguration section */

/* Begin XCConfigurationList section */
		1677642D256879EA00DFB371 /* Build configuration list for PBXProject "InstaCOVID" */ = {
			isa = XCConfigurationList;
			buildConfigurations = (
				16776444256879EB00DFB371 /* Debug */,
				16776445256879EB00DFB371 /* Release */,
			);
			defaultConfigurationIsVisible = 0;
			defaultConfigurationName = Release;
		};
		16776446256879EB00DFB371 /* Build configuration list for PBXNativeTarget "InstaCOVID" */ = {
			isa = XCConfigurationList;
			buildConfigurations = (
				16776447256879EB00DFB371 /* Debug */,
				16776448256879EB00DFB371 /* Release */,
			);
			defaultConfigurationIsVisible = 0;
			defaultConfigurationName = Release;
		};
		167764A72568A97B00DFB371 /* Build configuration list for PBXNativeTarget "WidgwtExtension" */ = {
			isa = XCConfigurationList;
			buildConfigurations = (
				167764A82568A97B00DFB371 /* Debug */,
				167764A92568A97B00DFB371 /* Release */,
			);
			defaultConfigurationIsVisible = 0;
			defaultConfigurationName = Release;
		};
/* End XCConfigurationList section */
	};
	rootObject = 1677642A256879EA00DFB371 /* Project object */;
}
